
Microsoft Visual Studio Solution File, Format Version 12.00
# Visual Studio 15
VisualStudioVersion = 15.0.27130.2027
MinimumVisualStudioVersion = 10.0.40219.1
Project("{FAE04EC0-301F-11D3-BF4B-00C04F79EFBC}") = "HRMS", "HRMS\HRMS.csproj", "{8C279B9B-B4C6-41FA-B053-61BA358562BD}"
EndProject
Project("{FAE04EC0-301F-11D3-BF4B-00C04F79EFBC}") = "HRMS.DL", "HRMS.DL\HRMS.DL.csproj", "{91F07E82-3344-4653-A629-4DAA48DDF3A4}"
EndProject
Global
	GlobalSection(SolutionConfigurationPlatforms) = preSolution
		Debug|Any CPU = Debug|Any CPU
		Release|Any CPU = Release|Any CPU
	EndGlobalSection
	GlobalSection(ProjectConfigurationPlatforms) = postSolution
		{8C279B9B-B4C6-41FA-B053-61BA358562BD}.Debug|Any CPU.ActiveCfg = Debug|Any CPU
		{8C279B9B-B4C6-41FA-B053-61BA358562BD}.Debug|Any CPU.Build.0 = Debug|Any CPU
		{8C279B9B-B4C6-41FA-B053-61BA358562BD}.Release|Any CPU.ActiveCfg = Release|Any CPU
		{8C279B9B-B4C6-41FA-B053-61BA358562BD}.Release|Any CPU.Build.0 = Release|Any CPU
		{91F07E82-3344-4653-A629-4DAA48DDF3A4}.Debug|Any CPU.ActiveCfg = Debug|Any CPU
		{91F07E82-3344-4653-A629-4DAA48DDF3A4}.Debug|Any CPU.Build.0 = Debug|Any CPU
		{91F07E82-3344-4653-A629-4DAA48DDF3A4}.Release|Any CPU.ActiveCfg = Release|Any CPU
		{91F07E82-3344-4653-A629-4DAA48DDF3A4}.Release|Any CPU.Build.0 = Release|Any CPU
	EndGlobalSection
	GlobalSection(SolutionProperties) = preSolution
		HideSolutionNode = FALSE
	EndGlobalSection
	GlobalSection(ExtensibilityGlobals) = postSolution
		SolutionGuid = {0F8E8BFB-0A02-4003-AFDF-3BA2BC577037}
	EndGlobalSection
EndGlobal
